// !$*UTF8*$!
{
	archiveVersion = 1;
	classes = {
	};
	objectVersion = 46;
	objects = {

/* Begin PBXFileReference section */
		A5455ACD1DD0184700CF1406 /* .theos */ = {isa = PBXFileReference; lastKnownFileType = folder; path = .theos; sourceTree = "<group>"; };
		A5455ACE1DD0184700CF1406 /* control */ = {isa = PBXFileReference; lastKnownFileType = text; path = control; sourceTree = "<group>"; };
		A5455AD11DD0184700CF1406 /* Makefile */ = {isa = PBXFileReference; lastKnownFileType = sourcecode.make; path = Makefile; sourceTree = "<group>"; };
		A5455AD41DD0184700CF1406 /* Tweak.xm */ = {isa = PBXFileReference; lastKnownFileType = text; path = Tweak.xm; sourceTree = "<group>"; };
		A590F8BE1DDCCB30004757A0 /* libsnbulletins.plist */ = {isa = PBXFileReference; lastKnownFileType = text.plist; path = libsnbulletins.plist; sourceTree = "<group>"; };
/* End PBXFileReference section */

/* Begin PBXGroup section */
		A5455AC61DD0184700CF1406 = {
			isa = PBXGroup;
			children = (
				A5455ACD1DD0184700CF1406 /* .theos */,
				A5455ACE1DD0184700CF1406 /* control */,
				A5455AD11DD0184700CF1406 /* Makefile */,
				A590F8BE1DDCCB30004757A0 /* libsnbulletins.plist */,
				A5455AD41DD0184700CF1406 /* Tweak.xm */,
			);
			sourceTree = "<group>";
		};
/* End PBXGroup section */

/* Begin PBXLegacyTarget section */
		A5455ACB1DD0184700CF1406 /* libsnbulletins */ = {
			isa = PBXLegacyTarget;
			buildArgumentsString = "$(ACTION)";
			buildConfigurationList = A5455AD51DD0184700CF1406 /* Build configuration list for PBXLegacyTarget "libsnbulletins" */;
			buildPhases = (
			);
			buildToolPath = /usr/bin/make;
			buildWorkingDirectory = /Users/ilhan/Downloads/Files/Code/StreakNotify/snbulletinsd;
			dependencies = (
			);
			name = libsnbulletins;
			passBuildSettingsInEnvironment = 1;
			productName = snbulletinsd;
		};
/* End PBXLegacyTarget section */

/* Begin PBXProject section */
		A5455AC71DD0184700CF1406 /* Project object */ = {
			isa = PBXProject;
			attributes = {
			};
			buildConfigurationList = A5455ACA1DD0184700CF1406 /* Build configuration list for PBXProject "libsnbulletins" */;
			compatibilityVersion = "Xcode 3.2";
			developmentRegion = English;
			hasScannedForEncodings = 0;
			knownRegions = (
				en,
			);
			mainGroup = A5455AC61DD0184700CF1406;
			projectDirPath = "";
			projectRoot = "";
			targets = (
				A5455ACB1DD0184700CF1406 /* libsnbulletins */,
			);
		};
/* End PBXProject section */

/* Begin XCBuildConfiguration section */
		A5455AC81DD0184700CF1406 /* Debug */ = {
			isa = XCBuildConfiguration;
			buildSettings = {
				ARCHS = "$(ARCHS_STANDARD_32_BIT)";
				COPY_PHASE_STRIP = NO;
				GCC_WARN_ABOUT_RETURN_TYPE = YES;
				GCC_WARN_UNUSED_VARIABLE = YES;
				ONLY_ACTIVE_ARCH = YES;
				SDKROOT = macosx10.6;
			};
			name = Debug;
		};
		A5455AC91DD0184700CF1406 /* Release */ = {
			isa = XCBuildConfiguration;
			buildSettings = {
				ARCHS = "$(ARCHS_STANDARD_32_BIT)";
				COPY_PHASE_STRIP = YES;
				GCC_WARN_ABOUT_RETURN_TYPE = YES;
				GCC_WARN_UNUSED_VARIABLE = YES;
				SDKROOT = macosx10.6;
			};
			name = Release;
		};
		A5455AD61DD0184700CF1406 /* Debug */ = {
			isa = XCBuildConfiguration;
			buildSettings = {
				COPY_PHASE_STRIP = NO;
				DEBUGGING_SYMBOLS = YES;
				GCC_DYNAMIC_NO_PIC = NO;
				GCC_ENABLE_FIX_AND_CONTINUE = YES;
				GCC_GENERATE_DEBUGGING_SYMBOLS = YES;
				GCC_OPTIMIZATION_LEVEL = 0;
				OTHER_CFLAGS = "";
				OTHER_LDFLAGS = "";
				PRODUCT_NAME = libsnbulletins;
			};
			name = Debug;
		};
		A5455AD71DD0184700CF1406 /* Release */ = {
			isa = XCBuildConfiguration;
			buildSettings = {
				COPY_PHASE_STRIP = YES;
				DEBUG_INFORMATION_FORMAT = "dwarf-with-dsym";
				GCC_ENABLE_FIX_AND_CONTINUE = NO;
				OTHER_CFLAGS = "";
				OTHER_LDFLAGS = "";
				PRODUCT_NAME = libsnbulletins;
			};
			name = Release;
		};
/* End XCBuildConfiguration section */

/* Begin XCConfigurationList section */
		A5455ACA1DD0184700CF1406 /* Build configuration list for PBXProject "libsnbulletins" */ = {
			isa = XCConfigurationList;
			buildConfigurations = (
				A5455AC81DD0184700CF1406 /* Debug */,
				A5455AC91DD0184700CF1406 /* Release */,
			);
			defaultConfigurationIsVisible = 0;
			defaultConfigurationName = Release;
		};
		A5455AD51DD0184700CF1406 /* Build configuration list for PBXLegacyTarget "libsnbulletins" */ = {
			isa = XCConfigurationList;
			buildConfigurations = (
				A5455AD61DD0184700CF1406 /* Debug */,
				A5455AD71DD0184700CF1406 /* Release */,
			);
			defaultConfigurationIsVisible = 0;
			defaultConfigurationName = Release;
		};
/* End XCConfigurationList section */
	};
	rootObject = A5455AC71DD0184700CF1406 /* Project object */;
}
