// !$*UTF8*$!
{
	archiveVersion = 1;
	classes = {
	};
	objectVersion = 46;
	objects = {

/* Begin PBXFileReference section */
		A5C874331C7F7D5300F20B40 /* entry.plist */ = {isa = PBXFileReference; lastKnownFileType = text.plist; path = entry.plist; sourceTree = "<group>"; };
		A5C874341C7F7D5300F20B40 /* Makefile */ = {isa = PBXFileReference; lastKnownFileType = sourcecode.make; path = Makefile; sourceTree = "<group>"; };
		A5C874351C7F7D5300F20B40 /* obj */ = {isa = PBXFileReference; lastKnownFileType = folder; path = obj; sourceTree = "<group>"; };
		A5C874361C7F7D5300F20B40 /* Resources */ = {isa = PBXFileReference; lastKnownFileType = folder; path = Resources; sourceTree = "<group>"; };
		A5C874371C7F7D5300F20B40 /* SN_Prefs.mm */ = {isa = PBXFileReference; lastKnownFileType = sourcecode.cpp.objcpp; path = SN_Prefs.mm; sourceTree = "<group>"; };
		A5C874381C7F7D5300F20B40 /* theos */ = {isa = PBXFileReference; lastKnownFileType = folder; path = theos; sourceTree = "<group>"; };
/* End PBXFileReference section */

/* Begin PBXGroup section */
		A5C8742D1C7F7D5300F20B40 = {
			isa = PBXGroup;
			children = (
				A5C874331C7F7D5300F20B40 /* entry.plist */,
				A5C874341C7F7D5300F20B40 /* Makefile */,
				A5C874351C7F7D5300F20B40 /* obj */,
				A5C874361C7F7D5300F20B40 /* Resources */,
				A5C874371C7F7D5300F20B40 /* SN_Prefs.mm */,
				A5C874381C7F7D5300F20B40 /* theos */,
			);
			sourceTree = "<group>";
		};
/* End PBXGroup section */

/* Begin PBXLegacyTarget section */
		A5C874321C7F7D5300F20B40 /* sn_prefs */ = {
			isa = PBXLegacyTarget;
			buildArgumentsString = "$(ACTION)";
			buildConfigurationList = A5C874391C7F7D5300F20B40 /* Build configuration list for PBXLegacyTarget "sn_prefs" */;
			buildPhases = (
			);
			buildToolPath = /usr/bin/make;
			buildWorkingDirectory = /Users/ilhan/Downloads/Files/Code/StreakNotify/sn_prefs;
			dependencies = (
			);
			name = sn_prefs;
			passBuildSettingsInEnvironment = 1;
			productName = sn_prefs;
		};
/* End PBXLegacyTarget section */

/* Begin PBXProject section */
		A5C8742E1C7F7D5300F20B40 /* Project object */ = {
			isa = PBXProject;
			attributes = {
			};
			buildConfigurationList = A5C874311C7F7D5300F20B40 /* Build configuration list for PBXProject "sn_prefs" */;
			compatibilityVersion = "Xcode 3.2";
			developmentRegion = English;
			hasScannedForEncodings = 0;
			knownRegions = (
				en,
			);
			mainGroup = A5C8742D1C7F7D5300F20B40;
			projectDirPath = "";
			projectRoot = "";
			targets = (
				A5C874321C7F7D5300F20B40 /* sn_prefs */,
			);
		};
/* End PBXProject section */

/* Begin XCBuildConfiguration section */
		A5C8742F1C7F7D5300F20B40 /* Debug */ = {
			isa = XCBuildConfiguration;
			buildSettings = {
				ARCHS = "$(ARCHS_STANDARD_32_BIT)";
				COPY_PHASE_STRIP = NO;
				GCC_WARN_ABOUT_RETURN_TYPE = YES;
				GCC_WARN_UNUSED_VARIABLE = YES;
				ONLY_ACTIVE_ARCH = YES;
				SDKROOT = macosx10.6;
			};
			name = Debug;
		};
		A5C874301C7F7D5300F20B40 /* Release */ = {
			isa = XCBuildConfiguration;
			buildSettings = {
				ARCHS = "$(ARCHS_STANDARD_32_BIT)";
				COPY_PHASE_STRIP = YES;
				GCC_WARN_ABOUT_RETURN_TYPE = YES;
				GCC_WARN_UNUSED_VARIABLE = YES;
				SDKROOT = macosx10.6;
			};
			name = Release;
		};
		A5C8743A1C7F7D5300F20B40 /* Debug */ = {
			isa = XCBuildConfiguration;
			buildSettings = {
				COPY_PHASE_STRIP = NO;
				DEBUGGING_SYMBOLS = YES;
				GCC_DYNAMIC_NO_PIC = NO;
				GCC_ENABLE_FIX_AND_CONTINUE = YES;
				GCC_GENERATE_DEBUGGING_SYMBOLS = YES;
				GCC_OPTIMIZATION_LEVEL = 0;
				OTHER_CFLAGS = "";
				OTHER_LDFLAGS = "";
				PRODUCT_NAME = sn_prefs;
			};
			name = Debug;
		};
		A5C8743B1C7F7D5300F20B40 /* Release */ = {
			isa = XCBuildConfiguration;
			buildSettings = {
				COPY_PHASE_STRIP = YES;
				DEBUG_INFORMATION_FORMAT = "dwarf-with-dsym";
				GCC_ENABLE_FIX_AND_CONTINUE = NO;
				OTHER_CFLAGS = "";
				OTHER_LDFLAGS = "";
				PRODUCT_NAME = sn_prefs;
			};
			name = Release;
		};
/* End XCBuildConfiguration section */

/* Begin XCConfigurationList section */
		A5C874311C7F7D5300F20B40 /* Build configuration list for PBXProject "sn_prefs" */ = {
			isa = XCConfigurationList;
			buildConfigurations = (
				A5C8742F1C7F7D5300F20B40 /* Debug */,
				A5C874301C7F7D5300F20B40 /* Release */,
			);
			defaultConfigurationIsVisible = 0;
			defaultConfigurationName = Release;
		};
		A5C874391C7F7D5300F20B40 /* Build configuration list for PBXLegacyTarget "sn_prefs" */ = {
			isa = XCConfigurationList;
			buildConfigurations = (
				A5C8743A1C7F7D5300F20B40 /* Debug */,
				A5C8743B1C7F7D5300F20B40 /* Release */,
			);
			defaultConfigurationIsVisible = 0;
			defaultConfigurationName = Release;
		};
/* End XCConfigurationList section */
	};
	rootObject = A5C8742E1C7F7D5300F20B40 /* Project object */;
}
